
Microsoft Visual Studio Solution File, Format Version 12.00
# Visual Studio Version 16
VisualStudioVersion = 16.0.30128.36
MinimumVisualStudioVersion = 10.0.40219.1
Project("{FAE04EC0-301F-11D3-BF4B-00C04F79EFBC}") = "FrequentWords", "FrequentWords\FrequentWords.csproj", "{95FD53EE-0F01-4C61-A4EC-91C2D7B5E5F4}"
EndProject
Global
	GlobalSection(SolutionConfigurationPlatforms) = preSolution
		Debug|Any CPU = Debug|Any CPU
		Release|Any CPU = Release|Any CPU
	EndGlobalSection
	GlobalSection(ProjectConfigurationPlatforms) = postSolution
		{95FD53EE-0F01-4C61-A4EC-91C2D7B5E5F4}.Debug|Any CPU.ActiveCfg = Debug|Any CPU
		{95FD53EE-0F01-4C61-A4EC-91C2D7B5E5F4}.Debug|Any CPU.Build.0 = Debug|Any CPU
		{95FD53EE-0F01-4C61-A4EC-91C2D7B5E5F4}.Release|Any CPU.ActiveCfg = Release|Any CPU
		{95FD53EE-0F01-4C61-A4EC-91C2D7B5E5F4}.Release|Any CPU.Build.0 = Release|Any CPU
	EndGlobalSection
	GlobalSection(SolutionProperties) = preSolution
		HideSolutionNode = FALSE
	EndGlobalSection
	GlobalSection(ExtensibilityGlobals) = postSolution
		SolutionGuid = {1DAD6862-5CBB-4A71-8201-40589C7AA069}
	EndGlobalSection
EndGlobal
